{
  "name": "gsap-rn",
  "version": "0.0.17",
  "lockfileVersion": 3,
  "requires": true,
  "packages": {
    "": {
      "name": "gsap-rn",
      "version": "0.0.17",
      "license": "MIT",
      "dependencies": {
        "gsap": "^3.2.6"
      }
    },
    "node_modules/gsap": {
      "version": "3.10.4",
      "license": "Standard 'no charge' license: https://greensock.com/standard-license. Club GreenSock members get more: https://greensock.com/licensing/. Why GreenSock doesn't employ an MIT license: https://greensock.com/why-license/"
    },
    "node_modules/lodash": {
      "version": "4.17.21",
      "resolved": "https://registry.npmjs.org/lodash/-/lodash-4.17.21.tgz",
      "integrity": "sha512-v2kDEe57lecTulaDIuNTPy3Ry4gLGJ6Z1O3vE1krgXZNrsQ+LFTGHVxVjcXPs17LhbZVGedAJv8XZ1tvj5FvSg=="
    }
  }
}
