# THIS IS AN AUTOGENERATED FILE. DO NOT EDIT THIS FILE DIRECTLY.
# yarn lockfile v1


gsap@^3.2.6:
  version "3.10.4"
  resolved "https://registry.yarnpkg.com/gsap/-/gsap-3.10.4.tgz#db89a6b8f6d5cb76e274eae822cbc1aa4d31e88f"
  integrity sha512-6QatdkKxXCMfvCW4rM++0RqyLQAzFX5nwl3yHS0XPgkZBkiSEY3VZVbMltrdtsbER/xZonLtyHt684wRp4erlQ==
